{
  "name": "Perpanic",
  "lockfileVersion": 3,
  "requires": true,
  "packages": {
    "": {
      "dependencies": {
        "eases": "^1.0.8"
      },
      "devDependencies": {
        "@types/eases": "^1.0.4"
      }
    },
    "node_modules/@types/eases": {
      "version": "1.0.4",
      "resolved": "https://registry.npmjs.org/@types/eases/-/eases-1.0.4.tgz",
      "integrity": "sha512-Rp44sjeyUE6s4KpaQtPR/d4AqE9ynJ25/OHKAZbNGqvPJOiyfArsjv7JLjpPywL11Wn6paHPna0WQyR5v2+IvQ==",
      "dev": true,
      "license": "MIT"
    },
    "node_modules/eases": {
      "version": "1.0.8",
      "resolved": "https://registry.npmjs.org/eases/-/eases-1.0.8.tgz",
      "integrity": "sha512-U8TwgFYPktV07tV9yxoIu9TIWsXHGOuDJNXlyihWEMnGMXaoh2kkfWf0N1itbCjHWrgs+/leubuG7m+OgkfA0Q==",
      "license": "MIT"
    }
  }
}
